#MicroXplorer Configuration settings - do not modify
CAD.formats=
CAD.pinconfig=
CAD.provider=
DAC1.DAC_Channel-DAC_OUT1=DAC_CHANNEL_1
DAC1.DAC_Channel-DAC_OUT2=DAC_CHANNEL_2
DAC1.IPParameters=DAC_Channel-DAC_OUT1,DAC_Channel-DAC_OUT2
Dma.MEMTOMEM.1.Direction=DMA_MEMORY_TO_MEMORY
Dma.MEMTOMEM.1.EventEnable=DISABLE
Dma.MEMTOMEM.1.FIFOMode=DMA_FIFOMODE_ENABLE
Dma.MEMTOMEM.1.FIFOThreshold=DMA_FIFO_THRESHOLD_FULL
Dma.MEMTOMEM.1.Instance=DMA2_Stream1
Dma.MEMTOMEM.1.MemBurst=DMA_MBURST_SINGLE
Dma.MEMTOMEM.1.MemDataAlignment=DMA_MDATAALIGN_HALFWORD
Dma.MEMTOMEM.1.MemInc=DMA_MINC_ENABLE
Dma.MEMTOMEM.1.Mode=DMA_NORMAL
Dma.MEMTOMEM.1.PeriphBurst=DMA_PBURST_SINGLE
Dma.MEMTOMEM.1.PeriphDataAlignment=DMA_PDATAALIGN_HALFWORD
Dma.MEMTOMEM.1.PeriphInc=DMA_PINC_ENABLE
Dma.MEMTOMEM.1.Polarity=HAL_DMAMUX_REQ_GEN_RISING
Dma.MEMTOMEM.1.Priority=DMA_PRIORITY_LOW
Dma.MEMTOMEM.1.RequestNumber=1
Dma.MEMTOMEM.1.RequestParameters=Instance,Direction,PeriphInc,MemInc,PeriphDataAlignment,MemDataAlignment,Mode,Priority,FIFOMode,FIFOThreshold,MemBurst,PeriphBurst,SignalID,Polarity,RequestNumber,SyncSignalID,SyncPolarity,SyncEnable,EventEnable,SyncRequestNumber
Dma.MEMTOMEM.1.SignalID=NONE
Dma.MEMTOMEM.1.SyncEnable=DISABLE
Dma.MEMTOMEM.1.SyncPolarity=HAL_DMAMUX_SYNC_NO_EVENT
Dma.MEMTOMEM.1.SyncRequestNumber=1
Dma.MEMTOMEM.1.SyncSignalID=NONE
Dma.Request0=TIM4_CH1
Dma.Request1=MEMTOMEM
Dma.Request2=SAI1_A
Dma.Request3=SAI1_B
Dma.Request4=SAI2_A
Dma.Request5=SAI2_B
Dma.RequestsNb=6
Dma.SAI1_A.2.Direction=DMA_MEMORY_TO_PERIPH
Dma.SAI1_A.2.EventEnable=DISABLE
Dma.SAI1_A.2.FIFOMode=DMA_FIFOMODE_DISABLE
Dma.SAI1_A.2.Instance=DMA1_Stream0
Dma.SAI1_A.2.MemDataAlignment=DMA_MDATAALIGN_WORD
Dma.SAI1_A.2.MemInc=DMA_MINC_ENABLE
Dma.SAI1_A.2.Mode=DMA_CIRCULAR
Dma.SAI1_A.2.PeriphDataAlignment=DMA_PDATAALIGN_WORD
Dma.SAI1_A.2.PeriphInc=DMA_PINC_DISABLE
Dma.SAI1_A.2.Polarity=HAL_DMAMUX_REQ_GEN_RISING
Dma.SAI1_A.2.Priority=DMA_PRIORITY_MEDIUM
Dma.SAI1_A.2.RequestNumber=1
Dma.SAI1_A.2.RequestParameters=Instance,Direction,PeriphInc,MemInc,PeriphDataAlignment,MemDataAlignment,Mode,Priority,FIFOMode,SignalID,Polarity,RequestNumber,SyncSignalID,SyncPolarity,SyncEnable,EventEnable,SyncRequestNumber
Dma.SAI1_A.2.SignalID=NONE
Dma.SAI1_A.2.SyncEnable=DISABLE
Dma.SAI1_A.2.SyncPolarity=HAL_DMAMUX_SYNC_NO_EVENT
Dma.SAI1_A.2.SyncRequestNumber=1
Dma.SAI1_A.2.SyncSignalID=NONE
Dma.SAI1_B.3.Direction=DMA_MEMORY_TO_PERIPH
Dma.SAI1_B.3.EventEnable=DISABLE
Dma.SAI1_B.3.FIFOMode=DMA_FIFOMODE_DISABLE
Dma.SAI1_B.3.Instance=DMA1_Stream1
Dma.SAI1_B.3.MemDataAlignment=DMA_MDATAALIGN_WORD
Dma.SAI1_B.3.MemInc=DMA_MINC_ENABLE
Dma.SAI1_B.3.Mode=DMA_CIRCULAR
Dma.SAI1_B.3.PeriphDataAlignment=DMA_PDATAALIGN_WORD
Dma.SAI1_B.3.PeriphInc=DMA_PINC_DISABLE
Dma.SAI1_B.3.Polarity=HAL_DMAMUX_REQ_GEN_RISING
Dma.SAI1_B.3.Priority=DMA_PRIORITY_MEDIUM
Dma.SAI1_B.3.RequestNumber=1
Dma.SAI1_B.3.RequestParameters=Instance,Direction,PeriphInc,MemInc,PeriphDataAlignment,MemDataAlignment,Mode,Priority,FIFOMode,SignalID,Polarity,RequestNumber,SyncSignalID,SyncPolarity,SyncEnable,EventEnable,SyncRequestNumber
Dma.SAI1_B.3.SignalID=NONE
Dma.SAI1_B.3.SyncEnable=DISABLE
Dma.SAI1_B.3.SyncPolarity=HAL_DMAMUX_SYNC_NO_EVENT
Dma.SAI1_B.3.SyncRequestNumber=1
Dma.SAI1_B.3.SyncSignalID=NONE
Dma.SAI2_A.4.Direction=DMA_PERIPH_TO_MEMORY
Dma.SAI2_A.4.EventEnable=DISABLE
Dma.SAI2_A.4.FIFOMode=DMA_FIFOMODE_DISABLE
Dma.SAI2_A.4.Instance=DMA1_Stream2
Dma.SAI2_A.4.MemDataAlignment=DMA_MDATAALIGN_WORD
Dma.SAI2_A.4.MemInc=DMA_MINC_ENABLE
Dma.SAI2_A.4.Mode=DMA_CIRCULAR
Dma.SAI2_A.4.PeriphDataAlignment=DMA_PDATAALIGN_WORD
Dma.SAI2_A.4.PeriphInc=DMA_PINC_DISABLE
Dma.SAI2_A.4.Polarity=HAL_DMAMUX_REQ_GEN_RISING
Dma.SAI2_A.4.Priority=DMA_PRIORITY_HIGH
Dma.SAI2_A.4.RequestNumber=1
Dma.SAI2_A.4.RequestParameters=Instance,Direction,PeriphInc,MemInc,PeriphDataAlignment,MemDataAlignment,Mode,Priority,FIFOMode,SignalID,Polarity,RequestNumber,SyncSignalID,SyncPolarity,SyncEnable,EventEnable,SyncRequestNumber
Dma.SAI2_A.4.SignalID=NONE
Dma.SAI2_A.4.SyncEnable=DISABLE
Dma.SAI2_A.4.SyncPolarity=HAL_DMAMUX_SYNC_NO_EVENT
Dma.SAI2_A.4.SyncRequestNumber=1
Dma.SAI2_A.4.SyncSignalID=NONE
Dma.SAI2_B.5.Direction=DMA_PERIPH_TO_MEMORY
Dma.SAI2_B.5.EventEnable=DISABLE
Dma.SAI2_B.5.FIFOMode=DMA_FIFOMODE_DISABLE
Dma.SAI2_B.5.Instance=DMA1_Stream3
Dma.SAI2_B.5.MemDataAlignment=DMA_MDATAALIGN_WORD
Dma.SAI2_B.5.MemInc=DMA_MINC_ENABLE
Dma.SAI2_B.5.Mode=DMA_CIRCULAR
Dma.SAI2_B.5.PeriphDataAlignment=DMA_PDATAALIGN_WORD
Dma.SAI2_B.5.PeriphInc=DMA_PINC_DISABLE
Dma.SAI2_B.5.Polarity=HAL_DMAMUX_REQ_GEN_RISING
Dma.SAI2_B.5.Priority=DMA_PRIORITY_HIGH
Dma.SAI2_B.5.RequestNumber=1
Dma.SAI2_B.5.RequestParameters=Instance,Direction,PeriphInc,MemInc,PeriphDataAlignment,MemDataAlignment,Mode,Priority,FIFOMode,SignalID,Polarity,RequestNumber,SyncSignalID,SyncPolarity,SyncEnable,EventEnable,SyncRequestNumber
Dma.SAI2_B.5.SignalID=NONE
Dma.SAI2_B.5.SyncEnable=DISABLE
Dma.SAI2_B.5.SyncPolarity=HAL_DMAMUX_SYNC_NO_EVENT
Dma.SAI2_B.5.SyncRequestNumber=1
Dma.SAI2_B.5.SyncSignalID=NONE
Dma.TIM4_CH1.0.Direction=DMA_MEMORY_TO_PERIPH
Dma.TIM4_CH1.0.EventEnable=DISABLE
Dma.TIM4_CH1.0.FIFOMode=DMA_FIFOMODE_DISABLE
Dma.TIM4_CH1.0.Instance=DMA2_Stream0
Dma.TIM4_CH1.0.MemDataAlignment=DMA_MDATAALIGN_HALFWORD
Dma.TIM4_CH1.0.MemInc=DMA_MINC_ENABLE
Dma.TIM4_CH1.0.Mode=DMA_CIRCULAR
Dma.TIM4_CH1.0.PeriphDataAlignment=DMA_PDATAALIGN_HALFWORD
Dma.TIM4_CH1.0.PeriphInc=DMA_PINC_DISABLE
Dma.TIM4_CH1.0.Polarity=HAL_DMAMUX_REQ_GEN_RISING
Dma.TIM4_CH1.0.Priority=DMA_PRIORITY_HIGH
Dma.TIM4_CH1.0.RequestNumber=1
Dma.TIM4_CH1.0.RequestParameters=Instance,Direction,PeriphInc,MemInc,PeriphDataAlignment,MemDataAlignment,Mode,Priority,FIFOMode,SignalID,Polarity,RequestNumber,SyncSignalID,SyncPolarity,SyncEnable,EventEnable,SyncRequestNumber
Dma.TIM4_CH1.0.SignalID=NONE
Dma.TIM4_CH1.0.SyncEnable=DISABLE
Dma.TIM4_CH1.0.SyncPolarity=HAL_DMAMUX_SYNC_NO_EVENT
Dma.TIM4_CH1.0.SyncRequestNumber=1
Dma.TIM4_CH1.0.SyncSignalID=NONE
FATFS.BSP.number=1
FATFS.IPParameters=USE_DMA_CODE_SD,_MAX_SS,_USE_EXPAND,_FS_LOCK,_MIN_SS,_USE_TRIM,_USE_LFN,_FS_EXFAT,_USE_FASTSEEK
FATFS.USE_DMA_CODE_SD=1
FATFS._FS_EXFAT=1
FATFS._FS_LOCK=8
FATFS._MAX_SS=4096
FATFS._MIN_SS=512
FATFS._USE_EXPAND=1
FATFS._USE_FASTSEEK=0
FATFS._USE_LFN=1
FATFS._USE_TRIM=1
FATFS0.BSP.STBoard=false
FATFS0.BSP.api=Unknown
FATFS0.BSP.component=
FATFS0.BSP.condition=
FATFS0.BSP.instance=PD4
FATFS0.BSP.ip=GPIO
FATFS0.BSP.mode=Input
FATFS0.BSP.name=Detect_SDIO
FATFS0.BSP.semaphore=
FATFS0.BSP.solution=PD4
File.Version=6
GPIO.groupedBy=Group By Peripherals
I2C1.I2C_Speed_Mode=I2C_Fast
I2C1.IPParameters=Timing,I2C_Speed_Mode
I2C1.Timing=0x00B03FDB
I2C2.IPParameters=Timing
I2C2.Timing=0x307075B1
KeepUserPlacement=false
Mcu.CPN=STM32H743ZIT6
Mcu.Family=STM32H7
Mcu.IP0=CORTEX_M7
Mcu.IP1=DAC1
Mcu.IP10=RNG
Mcu.IP11=SAI1
Mcu.IP12=SAI2
Mcu.IP13=SDMMC1
Mcu.IP14=SPI2
Mcu.IP15=SPI5
Mcu.IP16=SPI6
Mcu.IP17=SYS
Mcu.IP18=TIM2
Mcu.IP19=TIM3
Mcu.IP2=DEBUG
Mcu.IP20=TIM4
Mcu.IP21=TIM5
Mcu.IP22=USART2
Mcu.IP23=USART3
Mcu.IP24=USB_DEVICE
Mcu.IP25=USB_OTG_FS
Mcu.IP3=DMA
Mcu.IP4=FATFS
Mcu.IP5=I2C1
Mcu.IP6=I2C2
Mcu.IP7=MDMA
Mcu.IP8=NVIC
Mcu.IP9=RCC
Mcu.IPNb=26
Mcu.Name=STM32H743ZITx
Mcu.Package=LQFP144
Mcu.Pin0=PE2
Mcu.Pin1=PE3
Mcu.Pin10=PF9
Mcu.Pin11=PC2_C
Mcu.Pin12=PC3_C
Mcu.Pin13=PA0
Mcu.Pin14=PA2
Mcu.Pin15=PA3
Mcu.Pin16=PA4
Mcu.Pin17=PA5
Mcu.Pin18=PA6
Mcu.Pin19=PA7
Mcu.Pin2=PE4
Mcu.Pin20=PC4
Mcu.Pin21=PC5
Mcu.Pin22=PB0
Mcu.Pin23=PB1
Mcu.Pin24=PB2
Mcu.Pin25=PF11
Mcu.Pin26=PF12
Mcu.Pin27=PF14
Mcu.Pin28=PF15
Mcu.Pin29=PE7
Mcu.Pin3=PE5
Mcu.Pin30=PE8
Mcu.Pin31=PE9
Mcu.Pin32=PE10
Mcu.Pin33=PE12
Mcu.Pin34=PE13
Mcu.Pin35=PE14
Mcu.Pin36=PE15
Mcu.Pin37=PB10
Mcu.Pin38=PB11
Mcu.Pin39=PB12
Mcu.Pin4=PE6
Mcu.Pin40=PB13
Mcu.Pin41=PD8
Mcu.Pin42=PD9
Mcu.Pin43=PD11
Mcu.Pin44=PD12
Mcu.Pin45=PG8
Mcu.Pin46=PC8
Mcu.Pin47=PC9
Mcu.Pin48=PA8
Mcu.Pin49=PA11
Mcu.Pin5=PF0
Mcu.Pin50=PA12
Mcu.Pin51=PA13 (JTMS/SWDIO)
Mcu.Pin52=PA14 (JTCK/SWCLK)
Mcu.Pin53=PC10
Mcu.Pin54=PC11
Mcu.Pin55=PC12
Mcu.Pin56=PD0
Mcu.Pin57=PD1
Mcu.Pin58=PD2
Mcu.Pin59=PD3
Mcu.Pin6=PF1
Mcu.Pin60=PD4
Mcu.Pin61=PG9
Mcu.Pin62=PG10
Mcu.Pin63=PG11
Mcu.Pin64=PG12
Mcu.Pin65=PG13
Mcu.Pin66=PG14
Mcu.Pin67=PB3 (JTDO/TRACESWO)
Mcu.Pin68=PB6
Mcu.Pin69=PB7
Mcu.Pin7=PF6
Mcu.Pin70=PB8
Mcu.Pin71=VP_FATFS_VS_SDIO
Mcu.Pin72=VP_RNG_VS_RNG
Mcu.Pin73=VP_SAI1_VP_$IpInstance_SYNCHRO_EXTERNAL
Mcu.Pin74=VP_SAI1_VP_$IpInstance_SAIA_SAI_BASIC
Mcu.Pin75=VP_SAI1_VP_$IpInstance_SAIB_SAI_BASIC
Mcu.Pin76=VP_SAI2_VP_$IpInstance_SAIA_SAI_BASIC
Mcu.Pin77=VP_SAI2_VP_$IpInstance_SAIB_SAI_BASIC
Mcu.Pin78=VP_SYS_VS_Systick
Mcu.Pin79=VP_TIM2_VS_ClockSourceINT
Mcu.Pin8=PF7
Mcu.Pin80=VP_TIM4_VS_ClockSourceINT
Mcu.Pin81=VP_TIM5_VS_ClockSourceINT
Mcu.Pin82=VP_USB_DEVICE_VS_USB_DEVICE_CDC_FS
Mcu.Pin9=PF8
Mcu.PinsNb=83
Mcu.ThirdPartyNb=0
Mcu.UserConstants=
Mcu.UserName=STM32H743ZITx
Mdma.MDMA_Channel0.Request0=SDMMC1_END_DATA
Mdma.MDMA_Channel0.RequestsNb=1
Mdma.MDMA_Channel0.SDMMC1_END_DATA.0.BlockCount=0
Mdma.MDMA_Channel0.SDMMC1_END_DATA.0.BlockDataLength=0
Mdma.MDMA_Channel0.SDMMC1_END_DATA.0.BufferTransferLength=1
Mdma.MDMA_Channel0.SDMMC1_END_DATA.0.CircularMode=MDMA_LINEAR_LIST
Mdma.MDMA_Channel0.SDMMC1_END_DATA.0.DataAlignment=MDMA_DATAALIGN_PACKENABLE
Mdma.MDMA_Channel0.SDMMC1_END_DATA.0.DestBlockAddressOffset=0
Mdma.MDMA_Channel0.SDMMC1_END_DATA.0.DestBurst=MDMA_DEST_BURST_SINGLE
Mdma.MDMA_Channel0.SDMMC1_END_DATA.0.DestDataSize=MDMA_DEST_DATASIZE_BYTE
Mdma.MDMA_Channel0.SDMMC1_END_DATA.0.DestinationInc=MDMA_DEST_INC_BYTE
Mdma.MDMA_Channel0.SDMMC1_END_DATA.0.DstAddress=0
Mdma.MDMA_Channel0.SDMMC1_END_DATA.0.Endianness=MDMA_LITTLE_ENDIANNESS_PRESERVE
Mdma.MDMA_Channel0.SDMMC1_END_DATA.0.Instance=MDMA_Channel0
Mdma.MDMA_Channel0.SDMMC1_END_DATA.0.MaskAddress=0
Mdma.MDMA_Channel0.SDMMC1_END_DATA.0.MaskData=0
Mdma.MDMA_Channel0.SDMMC1_END_DATA.0.Priority=MDMA_PRIORITY_LOW
Mdma.MDMA_Channel0.SDMMC1_END_DATA.0.Rank=First
Mdma.MDMA_Channel0.SDMMC1_END_DATA.0.RequestParameters=Instance,CircularMode,TransferTriggerMode,Priority,Endianness,SourceInc,DestinationInc,SourceDataSize,DestDataSize,DataAlignment,BufferTransferLength,SourceBurst,DestBurst,SourceBlockAddressOffset,DestBlockAddressOffset,MaskAddress,MaskData,SrcAddress,DstAddress,BlockDataLength,BlockCount,Rank
Mdma.MDMA_Channel0.SDMMC1_END_DATA.0.SourceBlockAddressOffset=0
Mdma.MDMA_Channel0.SDMMC1_END_DATA.0.SourceBurst=MDMA_SOURCE_BURST_SINGLE
Mdma.MDMA_Channel0.SDMMC1_END_DATA.0.SourceDataSize=MDMA_SRC_DATASIZE_BYTE
Mdma.MDMA_Channel0.SDMMC1_END_DATA.0.SourceInc=MDMA_SRC_INC_BYTE
Mdma.MDMA_Channel0.SDMMC1_END_DATA.0.SrcAddress=0
Mdma.MDMA_Channel0.SDMMC1_END_DATA.0.TransferTriggerMode=MDMA_BUFFER_TRANSFER
Mdma.RequestSet0=MDMA_Channel0
Mdma.RequestSetsNb=1
MxCube.Version=6.15.0
MxDb.Version=DB.6.0.150
NVIC.BusFault_IRQn=true\:0\:0\:true\:false\:true\:false\:false\:false
NVIC.DMA1_Stream0_IRQn=true\:0\:0\:false\:false\:true\:false\:true\:true
NVIC.DMA1_Stream1_IRQn=true\:0\:0\:false\:false\:true\:false\:true\:true
NVIC.DMA1_Stream2_IRQn=true\:0\:0\:false\:false\:true\:false\:true\:true
NVIC.DMA1_Stream3_IRQn=true\:0\:0\:false\:false\:true\:false\:true\:true
NVIC.DMA2_Stream0_IRQn=true\:0\:0\:false\:false\:true\:false\:true\:true
NVIC.DebugMonitor_IRQn=true\:0\:0\:true\:false\:true\:false\:false\:false
NVIC.ForceEnableDMAVector=true
NVIC.HardFault_IRQn=true\:0\:0\:false\:false\:true\:false\:false\:false
NVIC.MDMA_IRQn=true\:0\:0\:false\:false\:true\:false\:true\:true
NVIC.MemoryManagement_IRQn=true\:0\:0\:true\:false\:true\:false\:false\:false
NVIC.NonMaskableInt_IRQn=true\:0\:0\:false\:false\:true\:false\:false\:false
NVIC.OTG_FS_EP1_IN_IRQn=true\:0\:0\:false\:false\:true\:true\:true\:true
NVIC.OTG_FS_EP1_OUT_IRQn=true\:0\:0\:false\:false\:true\:true\:true\:true
NVIC.OTG_FS_IRQn=true\:0\:0\:false\:false\:true\:false\:true\:true
NVIC.PendSV_IRQn=true\:0\:0\:true\:false\:true\:false\:false\:false
NVIC.PriorityGroup=NVIC_PRIORITYGROUP_3
NVIC.SAI2_IRQn=true\:0\:0\:false\:false\:true\:true\:true\:true
NVIC.SDMMC1_IRQn=true\:0\:0\:false\:false\:true\:true\:true\:true
NVIC.SPI6_IRQn=true\:0\:0\:false\:false\:true\:true\:true\:true
NVIC.SVCall_IRQn=true\:0\:0\:true\:false\:true\:false\:false\:false
NVIC.SysTick_IRQn=true\:0\:0\:false\:false\:true\:false\:false\:false
NVIC.USART3_IRQn=true\:0\:0\:true\:false\:true\:true\:true\:true
NVIC.UsageFault_IRQn=true\:0\:0\:true\:false\:true\:false\:false\:false
PA0.Mode=SAI_B_SyncSlave
PA0.Signal=SAI2_SD_B
PA11.Mode=Device_Only
PA11.Signal=USB_OTG_FS_DM
PA12.Mode=Device_Only
PA12.Signal=USB_OTG_FS_DP
PA13\ (JTMS/SWDIO).Mode=Trace_Asynchronous_SW
PA13\ (JTMS/SWDIO).Signal=DEBUG_JTMS-SWDIO
PA14\ (JTCK/SWCLK).Mode=Trace_Asynchronous_SW
PA14\ (JTCK/SWCLK).Signal=DEBUG_JTCK-SWCLK
PA2.Mode=Asynchronous
PA2.Signal=USART2_TX
PA3.Mode=Asynchronous
PA3.Signal=USART2_RX
PA4.GPIOParameters=GPIO_Label
PA4.GPIO_Label=SWITCH_LEVEL_DAC
PA4.Locked=true
PA4.Signal=COMP_DAC11_group
PA5.Signal=COMP_DAC12_group
PA6.GPIOParameters=GPIO_Label
PA6.GPIO_Label=DRV8313_IN1
PA6.Signal=S_TIM3_CH1
PA7.GPIOParameters=GPIO_Label
PA7.GPIO_Label=DRV8313_IN2
PA7.Signal=S_TIM3_CH2
PA8.Mode=Activate_SOF_FS
PA8.Signal=USB_OTG_FS_SOF
PB0.GPIOParameters=GPIO_Label
PB0.GPIO_Label=LED
PB0.Locked=true
PB0.Signal=GPIO_Output
PB1.GPIOParameters=GPIO_Label
PB1.GPIO_Label=DRV8313_IN3
PB1.Signal=S_TIM3_CH4
PB10.Locked=true
PB10.Mode=Asynchronous
PB10.Signal=USART3_TX
PB11.Locked=true
PB11.Mode=Asynchronous
PB11.Signal=USART3_RX
PB12.Mode=NSS_Signal_Hard_Output
PB12.Signal=SPI2_NSS
PB13.Mode=Full_Duplex_Master
PB13.Signal=SPI2_SCK
PB2.GPIOParameters=GPIO_Label
PB2.GPIO_Label=DRV8313_EN3
PB2.Locked=true
PB2.Signal=GPIO_Output
PB3\ (JTDO/TRACESWO).Mode=Trace_Asynchronous_SW
PB3\ (JTDO/TRACESWO).Signal=DEBUG_JTDO-SWO
PB6.GPIOParameters=GPIO_Label
PB6.GPIO_Label=CROSS_BOARD_GPIO
PB6.Locked=true
PB6.Signal=GPIO_Input
PB7.GPIOParameters=GPIO_Label,GPIO_Pu
PB7.GPIO_Label=LC24C_SDA
PB7.GPIO_Pu=GPIO_PULLUP
PB7.Mode=I2C
PB7.Signal=I2C1_SDA
PB8.GPIOParameters=GPIO_Label,GPIO_Pu
PB8.GPIO_Label=LC24C_SCL
PB8.GPIO_Pu=GPIO_PULLUP
PB8.Mode=I2C
PB8.Signal=I2C1_SCL
PC10.GPIOParameters=GPIO_PuPd
PC10.GPIO_PuPd=GPIO_PULLUP
PC10.Mode=SD_4_bits_Wide_bus
PC10.Signal=SDMMC1_D2
PC11.GPIOParameters=GPIO_PuPd
PC11.GPIO_PuPd=GPIO_PULLUP
PC11.Mode=SD_4_bits_Wide_bus
PC11.Signal=SDMMC1_D3
PC12.Mode=SD_4_bits_Wide_bus
PC12.Signal=SDMMC1_CK
PC2_C.Mode=Full_Duplex_Master
PC2_C.Signal=SPI2_MISO
PC3_C.Mode=Full_Duplex_Master
PC3_C.Signal=SPI2_MOSI
PC4.GPIOParameters=GPIO_Label
PC4.GPIO_Label=DRV8313_EN1
PC4.Locked=true
PC4.Signal=GPIO_Output
PC5.GPIOParameters=GPIO_Label
PC5.GPIO_Label=DRV8313_EN2
PC5.Locked=true
PC5.Signal=GPIO_Output
PC8.GPIOParameters=GPIO_PuPd
PC8.GPIO_PuPd=GPIO_PULLUP
PC8.Mode=SD_4_bits_Wide_bus
PC8.Signal=SDMMC1_D0
PC9.GPIOParameters=GPIO_PuPd
PC9.GPIO_PuPd=GPIO_PULLUP
PC9.Mode=SD_4_bits_Wide_bus
PC9.Signal=SDMMC1_D1
PD0.GPIOParameters=GPIO_PuPd,GPIO_Label
PD0.GPIO_Label=DIP_SW_2
PD0.GPIO_PuPd=GPIO_PULLUP
PD0.Locked=true
PD0.Signal=GPIO_Input
PD1.GPIOParameters=GPIO_PuPd,GPIO_Label
PD1.GPIO_Label=DIP_SW_4
PD1.GPIO_PuPd=GPIO_PULLUP
PD1.Locked=true
PD1.Signal=GPIO_Input
PD11.Mode=SAI_A_SyncSlave
PD11.Signal=SAI2_SD_A
PD12.GPIOParameters=GPIO_PuPd,GPIO_Label
PD12.GPIO_Label=LED_DATA_OUT
PD12.GPIO_PuPd=GPIO_PULLDOWN
PD12.Locked=true
PD12.Signal=S_TIM4_CH1
PD2.GPIOParameters=GPIO_PuPd
PD2.GPIO_PuPd=GPIO_PULLUP
PD2.Mode=SD_4_bits_Wide_bus
PD2.Signal=SDMMC1_CMD
PD3.GPIOParameters=GPIO_Label
PD3.GPIO_Label=DIP_SW_3
PD3.Locked=true
PD3.Signal=GPIO_Input
PD4.GPIOParameters=GPIO_PuPd,GPIO_Label
PD4.GPIO_Label=SD_SENSE
PD4.GPIO_PuPd=GPIO_PULLUP
PD4.Locked=true
PD4.Signal=GPIO_Input
PD8.GPIOParameters=PinState,GPIO_PuPd,GPIO_Label
PD8.GPIO_Label=PCM3168_RST
PD8.GPIO_PuPd=GPIO_PULLUP
PD8.Locked=true
PD8.PinState=GPIO_PIN_SET
PD8.Signal=GPIO_Output
PD9.GPIOParameters=GPIO_Label
PD9.GPIO_Label=PCM3168_OVF
PD9.Locked=true
PD9.Signal=GPIO_Input
PE10.GPIOParameters=GPIO_Label
PE10.GPIO_Label=PUSH_BUTTON_IN_4
PE10.Locked=true
PE10.Signal=GPIO_Input
PE12.GPIOParameters=GPIO_Label
PE12.GPIO_Label=PUSH_BUTTON_OUT_1
PE12.Locked=true
PE12.Signal=GPIO_Input
PE13.GPIOParameters=GPIO_Label
PE13.GPIO_Label=PUSH_BUTTON_OUT_2
PE13.Locked=true
PE13.Signal=GPIO_Input
PE14.GPIOParameters=GPIO_Label
PE14.GPIO_Label=PUSH_BUTTON_OUT_3
PE14.Locked=true
PE14.Signal=GPIO_Input
PE15.GPIOParameters=GPIO_Label
PE15.GPIO_Label=PUSH_BUTTON_OUT_4
PE15.Locked=true
PE15.Signal=GPIO_Input
PE2.GPIOParameters=GPIO_Speed
PE2.GPIO_Speed=GPIO_SPEED_FREQ_VERY_HIGH
PE2.Locked=true
PE2.Mode=SAI_A_MasterWithClock
PE2.Signal=SAI1_MCLK_A
PE3.Locked=true
PE3.Mode=SAI_B_SyncSlave
PE3.Signal=SAI1_SD_B
PE4.GPIOParameters=GPIO_Speed
PE4.GPIO_Speed=GPIO_SPEED_FREQ_VERY_HIGH
PE4.Mode=SAI_A_MasterWithClock
PE4.Signal=SAI1_FS_A
PE5.GPIOParameters=GPIO_Speed
PE5.GPIO_Speed=GPIO_SPEED_FREQ_VERY_HIGH
PE5.Mode=SAI_A_MasterWithClock
PE5.Signal=SAI1_SCK_A
PE6.GPIOParameters=GPIO_Speed
PE6.GPIO_Speed=GPIO_SPEED_FREQ_VERY_HIGH
PE6.Locked=true
PE6.Mode=SAI_A_MasterWithClock
PE6.Signal=SAI1_SD_A
PE7.GPIOParameters=GPIO_Label
PE7.GPIO_Label=PUSH_BUTTON_IN_1
PE7.Locked=true
PE7.Signal=GPIO_Input
PE8.GPIOParameters=GPIO_Label
PE8.GPIO_Label=PUSH_BUTTON_IN_2
PE8.Locked=true
PE8.Signal=GPIO_Input
PE9.GPIOParameters=GPIO_Label
PE9.GPIO_Label=PUSH_BUTTON_IN_3
PE9.Locked=true
PE9.Signal=GPIO_Input
PF0.GPIOParameters=GPIO_Pu
PF0.GPIO_Pu=GPIO_PULLUP
PF0.Mode=I2C
PF0.Signal=I2C2_SDA
PF1.GPIOParameters=GPIO_Pu
PF1.GPIO_Pu=GPIO_PULLUP
PF1.Mode=I2C
PF1.Signal=I2C2_SCL
PF11.GPIOParameters=GPIO_Label
PF11.GPIO_Label=DRV8313_A_nRESET
PF11.Locked=true
PF11.Signal=GPIO_Output
PF12.GPIOParameters=GPIO_Label
PF12.GPIO_Label=DRV8313_A_nFAULT
PF12.Locked=true
PF12.Signal=GPIO_Input
PF14.GPIOParameters=GPIO_Label
PF14.GPIO_Label=PUSH_BUTTON_FUNC
PF14.Locked=true
PF14.Signal=GPIO_Input
PF15.GPIOParameters=GPIO_Label
PF15.GPIO_Label=PUSH_BUTTON_FUNC2
PF15.Locked=true
PF15.Signal=GPIO_Input
PF6.GPIOParameters=GPIO_Label
PF6.GPIO_Label=AS5048_CS
PF6.Locked=true
PF6.Signal=GPIO_Output
PF7.GPIOParameters=GPIO_Label
PF7.GPIO_Label=AS5048_SCK
PF7.Mode=Full_Duplex_Master
PF7.Signal=SPI5_SCK
PF8.GPIOParameters=GPIO_Label
PF8.GPIO_Label=AS5048_MISO
PF8.Mode=Full_Duplex_Master
PF8.Signal=SPI5_MISO
PF9.GPIOParameters=GPIO_Label
PF9.GPIO_Label=AS5048_MOSI
PF9.Mode=Full_Duplex_Master
PF9.Signal=SPI5_MOSI
PG10.GPIOParameters=PinState,GPIO_Label
PG10.GPIO_Label=MULTI_BOARD_BOOT
PG10.Locked=true
PG10.PinState=GPIO_PIN_RESET
PG10.Signal=GPIO_Output
PG11.GPIOParameters=GPIO_Label
PG11.GPIO_Label=SELF_T_NRST
PG11.Locked=true
PG11.Signal=GPIO_Input
PG12.GPIOParameters=GPIO_Label
PG12.GPIO_Label=MOTOR_BOARD_SPI_MISO
PG12.Mode=Full_Duplex_Master
PG12.Signal=SPI6_MISO
PG13.GPIOParameters=GPIO_Label
PG13.GPIO_Label=MOTOR_BOARD_SPI_CLK
PG13.Mode=Full_Duplex_Master
PG13.Signal=SPI6_SCK
PG14.GPIOParameters=GPIO_Label
PG14.GPIO_Label=MOTOR_BOARD_SPI_MOSI
PG14.Mode=Full_Duplex_Master
PG14.Signal=SPI6_MOSI
PG8.GPIOParameters=GPIO_Label
PG8.GPIO_Label=MOTOR_BOARD_NSS
PG8.Mode=NSS_Signal_Hard_Output
PG8.Signal=SPI6_NSS
PG9.GPIOParameters=GPIO_Label
PG9.GPIO_Label=MOTOR_T_NRST
PG9.Locked=true
PG9.Signal=GPIO_Input
PinOutPanel.RotationAngle=0
ProjectManager.AskForMigrate=true
ProjectManager.BackupPrevious=false
ProjectManager.CompilerLinker=GCC
ProjectManager.CompilerOptimize=6
ProjectManager.ComputerToolchain=false
ProjectManager.CoupleFile=true
ProjectManager.CustomerFirmwarePackage=
ProjectManager.DefaultFWLocation=true
ProjectManager.DeletePrevious=true
ProjectManager.DeviceId=STM32H743ZITx
ProjectManager.FirmwarePackage=STM32Cube FW_H7 V1.12.1
ProjectManager.FreePins=true
ProjectManager.HalAssertFull=true
ProjectManager.HeapSize=0x200
ProjectManager.KeepUserCode=true
ProjectManager.LastFirmware=true
ProjectManager.LibraryCopy=1
ProjectManager.MainLocation=Core/Src
ProjectManager.NoMain=false
ProjectManager.PreviousToolchain=
ProjectManager.ProjectBuild=false
ProjectManager.ProjectFileName=BootloaderH7.ioc
ProjectManager.ProjectName=BootloaderH7
ProjectManager.ProjectStructure=
ProjectManager.RegisterCallBack=
ProjectManager.StackSize=0x400
ProjectManager.TargetToolchain=STM32CubeIDE
ProjectManager.ToolChainLocation=
ProjectManager.UAScriptAfterPath=
ProjectManager.UAScriptBeforePath=
ProjectManager.UnderRoot=true
ProjectManager.functionlistsort=1-MX_GPIO_Init-GPIO-false-HAL-true,2-MX_DMA_Init-DMA-false-HAL-true,3-MX_MDMA_Init-MDMA-false-HAL-true,4-SystemClock_Config-RCC-false-HAL-false,5-MX_DAC1_Init-DAC1-false-HAL-true,6-MX_TIM4_Init-TIM4-false-HAL-true,7-MX_USART3_UART_Init-USART3-false-HAL-true,8-MX_TIM2_Init-TIM2-false-HAL-true,9-MX_RNG_Init-RNG-false-HAL-true,10-MX_I2C1_Init-I2C1-false-HAL-true,11-MX_TIM5_Init-TIM5-false-HAL-true,12-MX_SAI1_Init-SAI1-false-HAL-true,13-MX_SDMMC1_SD_Init-SDMMC1-false-HAL-true,14-MX_SPI6_Init-SPI6-false-HAL-true,15-MX_I2C2_Init-I2C2-false-HAL-true,16-MX_USART2_UART_Init-USART2-false-HAL-true,17-MX_SPI2_Init-SPI2-false-HAL-true,18-MX_SAI2_Init-SAI2-false-HAL-true,19-MX_FATFS_Init-FATFS-false-HAL-false,20-MX_TIM3_Init-TIM3-false-HAL-true,21-MX_SPI5_Init-SPI5-false-HAL-true,22-MX_USB_DEVICE_Init-USB_DEVICE-false-HAL-false,0-MX_CORTEX_M7_Init-CORTEX_M7-false-HAL-true
RCC.ADCCLockSelection=RCC_ADCCLKSOURCE_CLKP
RCC.ADCFreq_Value=64000000
RCC.AHB12Freq_Value=240000000
RCC.AHB4Freq_Value=240000000
RCC.APB1Freq_Value=120000000
RCC.APB2Freq_Value=120000000
RCC.APB3Freq_Value=120000000
RCC.APB4Freq_Value=120000000
RCC.AXIClockFreq_Value=240000000
RCC.CECFreq_Value=32000
RCC.CKPERFreq_Value=64000000
RCC.CortexFreq_Value=480000000
RCC.CpuClockFreq_Value=480000000
RCC.D1CPREFreq_Value=480000000
RCC.D1PPRE=RCC_APB3_DIV2
RCC.D2PPRE1=RCC_APB1_DIV2
RCC.D2PPRE2=RCC_APB2_DIV2
RCC.D3PPRE=RCC_APB4_DIV2
RCC.DFSDMACLkFreq_Value=150000000
RCC.DFSDMFreq_Value=120000000
RCC.DIVM1=4
RCC.DIVM2=4
RCC.DIVN1=60
RCC.DIVN2=10
RCC.DIVN3=150
RCC.DIVP1Freq_Value=480000000
RCC.DIVP2=1
RCC.DIVP2Freq_Value=160000000
RCC.DIVP3Freq_Value=150000000
RCC.DIVQ1Freq_Value=480000000
RCC.DIVQ2Freq_Value=80000000
RCC.DIVQ3Freq_Value=150000000
RCC.DIVR1Freq_Value=480000000
RCC.DIVR2=4
RCC.DIVR2Freq_Value=40000000
RCC.DIVR3Freq_Value=150000000
RCC.FDCANFreq_Value=480000000
RCC.FMCFreq_Value=240000000
RCC.FamilyName=M
RCC.HCLK3ClockFreq_Value=240000000
RCC.HCLKFreq_Value=240000000
RCC.HPRE=RCC_HCLK_DIV2
RCC.HRTIMFreq_Value=240000000
RCC.I2C123Freq_Value=120000000
RCC.I2C4Freq_Value=120000000
RCC.IPParameters=ADCCLockSelection,ADCFreq_Value,AHB12Freq_Value,AHB4Freq_Value,APB1Freq_Value,APB2Freq_Value,APB3Freq_Value,APB4Freq_Value,AXIClockFreq_Value,CECFreq_Value,CKPERFreq_Value,CortexFreq_Value,CpuClockFreq_Value,D1CPREFreq_Value,D1PPRE,D2PPRE1,D2PPRE2,D3PPRE,DFSDMACLkFreq_Value,DFSDMFreq_Value,DIVM1,DIVM2,DIVN1,DIVN2,DIVN3,DIVP1Freq_Value,DIVP2,DIVP2Freq_Value,DIVP3Freq_Value,DIVQ1Freq_Value,DIVQ2Freq_Value,DIVQ3Freq_Value,DIVR1Freq_Value,DIVR2,DIVR2Freq_Value,DIVR3Freq_Value,FDCANFreq_Value,FMCFreq_Value,FamilyName,HCLK3ClockFreq_Value,HCLKFreq_Value,HPRE,HRTIMFreq_Value,I2C123Freq_Value,I2C4Freq_Value,LPTIM1Freq_Value,LPTIM2Freq_Value,LPTIM345Freq_Value,LPUART1Freq_Value,LTDCFreq_Value,MCO1PinFreq_Value,MCO2PinFreq_Value,PLL1_VCI_Range-AdvancedSettings,PLL1_VCO_SEL-AdvancedSettings,PLL2FRACN,PLL2_VCI_Range-AdvancedSettings,PLL2_VCO_SEL-AdvancedSettings,PLL3FRACN,PLL3_VCI_Range-AdvancedSettings,PLLFRACN,PLLSourceVirtual,ProductRev,QSPIFreq_Value,RCC_MCO1Source,RCC_MCODiv1,RNGFreq_Value,RTCFreq_Value,SAI1CLockSelection,SAI1Freq_Value,SAI23CLockSelection,SAI23Freq_Value,SAI4ACLockSelection,SAI4AFreq_Value,SAI4BCLockSelection,SAI4BFreq_Value,SDMMC1CLockSelection,SDMMCFreq_Value,SPDIFRXFreq_Value,SPI123CLockSelection,SPI123Freq_Value,SPI45Freq_Value,SPI6Freq_Value,SWPMI1Freq_Value,SYSCLKFreq_VALUE,SYSCLKSource,Tim1OutputFreq_Value,Tim2Mul,Tim2OutputFreq_Value,TraceFreq_Value,USART16Freq_Value,USART234578Freq_Value,USBCLockSelection,USBFreq_Value,VCO1OutputFreq_Value,VCO2OutputFreq_Value,VCO3OutputFreq_Value,VCOInput1Freq_Value,VCOInput2Freq_Value,VCOInput3Freq_Value
RCC.LPTIM1Freq_Value=120000000
RCC.LPTIM2Freq_Value=120000000
RCC.LPTIM345Freq_Value=120000000
RCC.LPUART1Freq_Value=120000000
RCC.LTDCFreq_Value=150000000
RCC.MCO1PinFreq_Value=16000000
RCC.MCO2PinFreq_Value=480000000
RCC.PLL1_VCI_Range-AdvancedSettings=RCC_PLL1VCIRANGE_0
RCC.PLL1_VCO_SEL-AdvancedSettings=RCC_PLL1VCOWIDE
RCC.PLL2FRACN=0
RCC.PLL2_VCI_Range-AdvancedSettings=RCC_PLL2VCIRANGE_3
RCC.PLL2_VCO_SEL-AdvancedSettings=RCC_PLL2VCOWIDE
RCC.PLL3FRACN=0
RCC.PLL3_VCI_Range-AdvancedSettings=RCC_PLL3VCIRANGE_3
RCC.PLLFRACN=0
RCC.PLLSourceVirtual=RCC_PLLSOURCE_HSI
RCC.ProductRev=revV
RCC.QSPIFreq_Value=240000000
RCC.RCC_MCO1Source=RCC_MCO1SOURCE_HSI48
RCC.RCC_MCODiv1=RCC_MCODIV_3
RCC.RNGFreq_Value=48000000
RCC.RTCFreq_Value=32000
RCC.SAI1CLockSelection=RCC_SAI1CLKSOURCE_PLL3
RCC.SAI1Freq_Value=150000000
RCC.SAI23CLockSelection=RCC_SAI23CLKSOURCE_PLL3
RCC.SAI23Freq_Value=150000000
RCC.SAI4ACLockSelection=RCC_SAI4ACLKSOURCE_PLL3
RCC.SAI4AFreq_Value=150000000
RCC.SAI4BCLockSelection=RCC_SAI4BCLKSOURCE_PLL3
RCC.SAI4BFreq_Value=150000000
RCC.SDMMC1CLockSelection=RCC_SDMMCCLKSOURCE_PLL2
RCC.SDMMCFreq_Value=40000000
RCC.SPDIFRXFreq_Value=480000000
RCC.SPI123CLockSelection=RCC_SPI123CLKSOURCE_PLL2
RCC.SPI123Freq_Value=160000000
RCC.SPI45Freq_Value=120000000
RCC.SPI6Freq_Value=120000000
RCC.SWPMI1Freq_Value=120000000
RCC.SYSCLKFreq_VALUE=480000000
RCC.SYSCLKSource=RCC_SYSCLKSOURCE_PLLCLK
RCC.Tim1OutputFreq_Value=240000000
RCC.Tim2Mul=2
RCC.Tim2OutputFreq_Value=240000000
RCC.TraceFreq_Value=480000000
RCC.USART16Freq_Value=120000000
RCC.USART234578Freq_Value=120000000
RCC.USBCLockSelection=RCC_USBCLKSOURCE_HSI48
RCC.USBFreq_Value=48000000
RCC.VCO1OutputFreq_Value=960000000
RCC.VCO2OutputFreq_Value=160000000
RCC.VCO3OutputFreq_Value=300000000
RCC.VCOInput1Freq_Value=16000000
RCC.VCOInput2Freq_Value=16000000
RCC.VCOInput3Freq_Value=2000000
SAI1.AudioFrequency-SAI_A_MasterWithClock=SAI_AUDIO_FREQUENCY_48K
SAI1.AudioMode-SAI_B_SyncSlave=SAI_MODESLAVE_TX
SAI1.BasicDataSize-SAI_A_MasterWithClock=SAI_PROTOCOL_DATASIZE_24BIT
SAI1.BasicDataSize-SAI_B_SyncSlave=SAI_PROTOCOL_DATASIZE_24BIT
SAI1.ErrorAudioFreq-SAI_A_MasterWithClock=1120.7 %
SAI1.IPParameters=Instance-SAI_A_MasterWithClock,VirtualMode-SAI_A_MasterWithClock,MClockEnable-SAI_A_MasterWithClock,InitProtocol-SAI_A_MasterWithClock,VirtualProtocol-SAI_A_BASIC,RealAudioFreq-SAI_A_MasterWithClock,ErrorAudioFreq-SAI_A_MasterWithClock,BasicDataSize-SAI_A_MasterWithClock,OutputDrive-SAI_A_MasterWithClock,AudioFrequency-SAI_A_MasterWithClock,Instance-SAI_B_SyncSlave,VirtualMode-SAI_B_SyncSlave,InitProtocol-SAI_B_SyncSlave,VirtualProtocol-SAI_B_BASIC,BasicDataSize-SAI_B_SyncSlave,OutputDrive-SAI_B_SyncSlave,AudioMode-SAI_B_SyncSlave,SynchroExt,NoDivider-SAI_A_MasterWithClock
SAI1.InitProtocol-SAI_A_MasterWithClock=Enable
SAI1.InitProtocol-SAI_B_SyncSlave=Enable
SAI1.Instance-SAI_A_MasterWithClock=SAI$Index_Block_A
SAI1.Instance-SAI_B_SyncSlave=SAI$Index_Block_B
SAI1.MClockEnable-SAI_A_MasterWithClock=SAI_MASTERCLOCK_ENABLE
SAI1.NoDivider-SAI_A_MasterWithClock=SAI_MCK_OVERSAMPLING_DISABLE
SAI1.OutputDrive-SAI_A_MasterWithClock=SAI_OUTPUTDRIVE_ENABLE
SAI1.OutputDrive-SAI_B_SyncSlave=SAI_OUTPUTDRIVE_ENABLE
SAI1.RealAudioFreq-SAI_A_MasterWithClock=585.937 KHz
SAI1.SynchroExt=SAI_SYNCEXT_OUTBLOCKA_ENABLE
SAI1.VirtualMode-SAI_A_MasterWithClock=VM_MASTER
SAI1.VirtualMode-SAI_B_SyncSlave=VM_SLAVE
SAI1.VirtualProtocol-SAI_A_BASIC=VM_BASIC_PROTOCOL
SAI1.VirtualProtocol-SAI_B_BASIC=VM_BASIC_PROTOCOL
SAI2.BasicDataSize-SAI_A_SyncSlave=SAI_PROTOCOL_DATASIZE_24BIT
SAI2.BasicDataSize-SAI_B_SyncSlave=SAI_PROTOCOL_DATASIZE_24BIT
SAI2.IPParameters=Instance-SAI_A_SyncSlave,VirtualMode-SAI_A_SyncSlave,Instance-SAI_B_SyncSlave,VirtualMode-SAI_B_SyncSlave,InitProtocol-SAI_A_SyncSlave,VirtualProtocol-SAI_A_BASIC,InitProtocol-SAI_B_SyncSlave,VirtualProtocol-SAI_B_BASIC,Synchro_A,Synchro_B,BasicDataSize-SAI_A_SyncSlave,BasicDataSize-SAI_B_SyncSlave,TriState-SAI_A_SyncSlave,TriState-SAI_B_SyncSlave
SAI2.InitProtocol-SAI_A_SyncSlave=Enable
SAI2.InitProtocol-SAI_B_SyncSlave=Enable
SAI2.Instance-SAI_A_SyncSlave=SAI$Index_Block_A
SAI2.Instance-SAI_B_SyncSlave=SAI$Index_Block_B
SAI2.Synchro_A=SAI_SYNCHRONOUS_EXT_SAI1
SAI2.Synchro_B=SAI_SYNCHRONOUS_EXT_SAI1
SAI2.TriState-SAI_A_SyncSlave=SAI_OUTPUT_RELEASED
SAI2.TriState-SAI_B_SyncSlave=SAI_OUTPUT_RELEASED
SAI2.VirtualMode-SAI_A_SyncSlave=VM_SLAVE
SAI2.VirtualMode-SAI_B_SyncSlave=VM_SLAVE
SAI2.VirtualProtocol-SAI_A_BASIC=VM_BASIC_PROTOCOL
SAI2.VirtualProtocol-SAI_B_BASIC=VM_BASIC_PROTOCOL
SDMMC1.ClockDiv=1
SDMMC1.HardwareFlowControl=SDMMC_HARDWARE_FLOW_CONTROL_ENABLE
SDMMC1.IPParameters=ClockDiv,HardwareFlowControl
SH.COMP_DAC11_group.0=DAC1_OUT1,DAC_OUT1
SH.COMP_DAC11_group.ConfNb=1
SH.COMP_DAC12_group.0=DAC1_OUT2,DAC_OUT2
SH.COMP_DAC12_group.ConfNb=1
SH.S_TIM3_CH1.0=TIM3_CH1,PWM Generation1 CH1
SH.S_TIM3_CH1.ConfNb=1
SH.S_TIM3_CH2.0=TIM3_CH2,PWM Generation2 CH2
SH.S_TIM3_CH2.ConfNb=1
SH.S_TIM3_CH4.0=TIM3_CH4,PWM Generation4 CH4
SH.S_TIM3_CH4.ConfNb=1
SH.S_TIM4_CH1.0=TIM4_CH1,PWM Generation1 CH1
SH.S_TIM4_CH1.ConfNb=1
SPI2.BaudRatePrescaler=SPI_BAUDRATEPRESCALER_256
SPI2.CLKPolarity=SPI_POLARITY_LOW
SPI2.CalculateBaudRate=625.0 KBits/s
SPI2.DataSize=SPI_DATASIZE_16BIT
SPI2.Direction=SPI_DIRECTION_2LINES
SPI2.IPParameters=VirtualType,Mode,Direction,CalculateBaudRate,DataSize,BaudRatePrescaler,TIMode,NSSPolarity,VirtualNSS,CLKPolarity
SPI2.Mode=SPI_MODE_MASTER
SPI2.NSSPolarity=SPI_NSS_POLARITY_LOW
SPI2.TIMode=SPI_TIMODE_DISABLE
SPI2.VirtualNSS=VM_NSSHARD
SPI2.VirtualType=VM_MASTER
SPI5.BaudRatePrescaler=SPI_BAUDRATEPRESCALER_4
SPI5.CLKPhase=SPI_PHASE_2EDGE
SPI5.CalculateBaudRate=30.0 MBits/s
SPI5.DataSize=SPI_DATASIZE_16BIT
SPI5.Direction=SPI_DIRECTION_2LINES
SPI5.IPParameters=VirtualType,Mode,Direction,CalculateBaudRate,DataSize,CLKPhase,NSSPMode,BaudRatePrescaler
SPI5.Mode=SPI_MODE_MASTER
SPI5.NSSPMode=SPI_NSS_PULSE_ENABLE
SPI5.VirtualType=VM_MASTER
SPI6.BaudRatePrescaler=SPI_BAUDRATEPRESCALER_16
SPI6.CalculateBaudRate=7.5 MBits/s
SPI6.DataSize=SPI_DATASIZE_16BIT
SPI6.Direction=SPI_DIRECTION_2LINES
SPI6.IPParameters=VirtualType,Mode,Direction,CalculateBaudRate,VirtualNSS,DataSize,BaudRatePrescaler
SPI6.Mode=SPI_MODE_MASTER
SPI6.VirtualNSS=VM_NSSHARD
SPI6.VirtualType=VM_MASTER
TIM2.IPParameters=Period,Prescaler
TIM2.Period=10240
TIM2.Prescaler=16
TIM3.Channel-PWM\ Generation1\ CH1=TIM_CHANNEL_1
TIM3.Channel-PWM\ Generation2\ CH2=TIM_CHANNEL_2
TIM3.Channel-PWM\ Generation4\ CH4=TIM_CHANNEL_4
TIM3.CounterMode=TIM_COUNTERMODE_CENTERALIGNED1
TIM3.IPParameters=Channel-PWM Generation1 CH1,Channel-PWM Generation2 CH2,Channel-PWM Generation4 CH4,Period,Pulse-PWM Generation1 CH1,Pulse-PWM Generation2 CH2,Pulse-PWM Generation4 CH4,CounterMode
TIM3.Period=2048
TIM3.Pulse-PWM\ Generation1\ CH1=1024
TIM3.Pulse-PWM\ Generation2\ CH2=1024
TIM3.Pulse-PWM\ Generation4\ CH4=1024
TIM4.Channel-PWM\ Generation1\ CH1=TIM_CHANNEL_1
TIM4.IPParameters=Channel-PWM Generation1 CH1,Period,Pulse-PWM Generation1 CH1,OCFastMode_PWM-PWM Generation1 CH1
TIM4.OCFastMode_PWM-PWM\ Generation1\ CH1=TIM_OCFAST_ENABLE
TIM4.Period=350
TIM4.Pulse-PWM\ Generation1\ CH1=60
USART2.BaudRate=31250
USART2.IPParameters=VirtualMode-Asynchronous,BaudRate
USART2.VirtualMode-Asynchronous=VM_ASYNC
USART3.AutoBaudRateEnableParam=UART_ADVFEATURE_AUTOBAUDRATE_DISABLE
USART3.BaudRate=115200
USART3.IPParameters=VirtualMode-Asynchronous,AutoBaudRateEnableParam,BaudRate,OverSampling,OneBitSampling,TXFIFOThreshold,RXFIFOThreshold
USART3.OneBitSampling=UART_ONE_BIT_SAMPLE_DISABLE
USART3.OverSampling=UART_OVERSAMPLING_16
USART3.RXFIFOThreshold=RXFIFO_THRESHOLD_1EIGHTHFULL
USART3.TXFIFOThreshold=TXFIFO_THRESHOLD_1EIGHTHFULL
USART3.VirtualMode-Asynchronous=VM_ASYNC
USB_DEVICE.CLASS_NAME_FS=CDC
USB_DEVICE.IPParameters=PRODUCT_STRING_CDC_FS,MANUFACTURER_STRING-CDC_FS,VirtualModeFS,CLASS_NAME_FS,VirtualMode-CDC_FS
USB_DEVICE.MANUFACTURER_STRING-CDC_FS=subMatrix
USB_DEVICE.PRODUCT_STRING_CDC_FS=subMatrix BeetTweek
USB_DEVICE.VirtualMode-CDC_FS=Cdc
USB_DEVICE.VirtualModeFS=Cdc_FS
USB_OTG_FS.IPParameters=VirtualMode,Sof_enable
USB_OTG_FS.Sof_enable=ENABLE
USB_OTG_FS.VirtualMode=Device_Only
VP_FATFS_VS_SDIO.Mode=SDIO
VP_FATFS_VS_SDIO.Signal=FATFS_VS_SDIO
VP_RNG_VS_RNG.Mode=RNG_Activate
VP_RNG_VS_RNG.Signal=RNG_VS_RNG
VP_SAI1_VP_$IpInstance_SAIA_SAI_BASIC.Mode=SAI_A_BASIC
VP_SAI1_VP_$IpInstance_SAIA_SAI_BASIC.Signal=SAI1_VP_$IpInstance_SAIA_SAI_BASIC
VP_SAI1_VP_$IpInstance_SAIB_SAI_BASIC.Mode=SAI_B_BASIC
VP_SAI1_VP_$IpInstance_SAIB_SAI_BASIC.Signal=SAI1_VP_$IpInstance_SAIB_SAI_BASIC
VP_SAI1_VP_$IpInstance_SYNCHRO_EXTERNAL.Mode=SynchroExternal
VP_SAI1_VP_$IpInstance_SYNCHRO_EXTERNAL.Signal=SAI1_VP_$IpInstance_SYNCHRO_EXTERNAL
VP_SAI2_VP_$IpInstance_SAIA_SAI_BASIC.Mode=SAI_A_BASIC
VP_SAI2_VP_$IpInstance_SAIA_SAI_BASIC.Signal=SAI2_VP_$IpInstance_SAIA_SAI_BASIC
VP_SAI2_VP_$IpInstance_SAIB_SAI_BASIC.Mode=SAI_B_BASIC
VP_SAI2_VP_$IpInstance_SAIB_SAI_BASIC.Signal=SAI2_VP_$IpInstance_SAIB_SAI_BASIC
VP_SYS_VS_Systick.Mode=SysTick
VP_SYS_VS_Systick.Signal=SYS_VS_Systick
VP_TIM2_VS_ClockSourceINT.Mode=Internal
VP_TIM2_VS_ClockSourceINT.Signal=TIM2_VS_ClockSourceINT
VP_TIM4_VS_ClockSourceINT.Mode=Internal
VP_TIM4_VS_ClockSourceINT.Signal=TIM4_VS_ClockSourceINT
VP_TIM5_VS_ClockSourceINT.Mode=Internal
VP_TIM5_VS_ClockSourceINT.Signal=TIM5_VS_ClockSourceINT
VP_USB_DEVICE_VS_USB_DEVICE_CDC_FS.Mode=CDC_FS
VP_USB_DEVICE_VS_USB_DEVICE_CDC_FS.Signal=USB_DEVICE_VS_USB_DEVICE_CDC_FS
board=custom
isbadioc=false
